
Microsoft Visual Studio Solution File, Format Version 12.00
# Visual Studio Version 17
VisualStudioVersion = 17.3.32922.545
MinimumVisualStudioVersion = 10.0.40219.1
Project("{FAE04EC0-301F-11D3-BF4B-00C04F79EFBC}") = "TestAppProj", "TestAppProj\TestAppProj.csproj", "{2112F86D-C130-4073-80EF-5BE5FBAD8F79}"
EndProject
Global
	GlobalSection(SolutionConfigurationPlatforms) = preSolution
		Debug|Any CPU = Debug|Any CPU
		Release|Any CPU = Release|Any CPU
	EndGlobalSection
	GlobalSection(ProjectConfigurationPlatforms) = postSolution
		{2112F86D-C130-4073-80EF-5BE5FBAD8F79}.Debug|Any CPU.ActiveCfg = Debug|Any CPU
		{2112F86D-C130-4073-80EF-5BE5FBAD8F79}.Debug|Any CPU.Build.0 = Debug|Any CPU
		{2112F86D-C130-4073-80EF-5BE5FBAD8F79}.Release|Any CPU.ActiveCfg = Release|Any CPU
		{2112F86D-C130-4073-80EF-5BE5FBAD8F79}.Release|Any CPU.Build.0 = Release|Any CPU
	EndGlobalSection
	GlobalSection(SolutionProperties) = preSolution
		HideSolutionNode = FALSE
	EndGlobalSection
	GlobalSection(ExtensibilityGlobals) = postSolution
		SolutionGuid = {E769ACE9-0341-4212-A9CD-AF36850D354C}
	EndGlobalSection
EndGlobal
